// !$*UTF8*$!
{
	archiveVersion = 1;
	classes = {
	};
	objectVersion = 50;
	objects = {

/* Begin PBXBuildFile section */
		177DC35E2386531400342C4F /* AppDelegate.swift in Sources */ = {isa = PBXBuildFile; fileRef = 177DC35D2386531400342C4F /* AppDelegate.swift */; };
		177DC3602386531400342C4F /* SceneDelegate.swift in Sources */ = {isa = PBXBuildFile; fileRef = 177DC35F2386531400342C4F /* SceneDelegate.swift */; };
		177DC3622386531400342C4F /* ViewController.swift in Sources */ = {isa = PBXBuildFile; fileRef = 177DC3612386531400342C4F /* ViewController.swift */; };
		177DC3652386531400342C4F /* Main.storyboard in Resources */ = {isa = PBXBuildFile; fileRef = 177DC3632386531400342C4F /* Main.storyboard */; };
		177DC3672386531800342C4F /* Assets.xcassets in Resources */ = {isa = PBXBuildFile; fileRef = 177DC3662386531800342C4F /* Assets.xcassets */; };
		177DC36A2386531800342C4F /* LaunchScreen.storyboard in Resources */ = {isa = PBXBuildFile; fileRef = 177DC3682386531800342C4F /* LaunchScreen.storyboard */; };
		8FF9D27D089767AB6460E777 /* Pods_FontAwsomeProject.framework in Frameworks */ = {isa = PBXBuildFile; fileRef = 30521F4D51733247B07CDD3B /* Pods_FontAwsomeProject.framework */; };
/* End PBXBuildFile section */

/* Begin PBXFileReference section */
		177DC35A2386531400342C4F /* FontAwsomeProject.app */ = {isa = PBXFileReference; explicitFileType = wrapper.application; includeInIndex = 0; path = FontAwsomeProject.app; sourceTree = BUILT_PRODUCTS_DIR; };
		177DC35D2386531400342C4F /* AppDelegate.swift */ = {isa = PBXFileReference; lastKnownFileType = sourcecode.swift; path = AppDelegate.swift; sourceTree = "<group>"; };
		177DC35F2386531400342C4F /* SceneDelegate.swift */ = {isa = PBXFileReference; lastKnownFileType = sourcecode.swift; path = SceneDelegate.swift; sourceTree = "<group>"; };
		177DC3612386531400342C4F /* ViewController.swift */ = {isa = PBXFileReference; lastKnownFileType = sourcecode.swift; path = ViewController.swift; sourceTree = "<group>"; };
		177DC3642386531400342C4F /* Base */ = {isa = PBXFileReference; lastKnownFileType = file.storyboard; name = Base; path = Base.lproj/Main.storyboard; sourceTree = "<group>"; };
		177DC3662386531800342C4F /* Assets.xcassets */ = {isa = PBXFileReference; lastKnownFileType = folder.assetcatalog; path = Assets.xcassets; sourceTree = "<group>"; };
		177DC3692386531800342C4F /* Base */ = {isa = PBXFileReference; lastKnownFileType = file.storyboard; name = Base; path = Base.lproj/LaunchScreen.storyboard; sourceTree = "<group>"; };
		177DC36B2386531800342C4F /* Info.plist */ = {isa = PBXFileReference; lastKnownFileType = text.plist.xml; path = Info.plist; sourceTree = "<group>"; };
		20D72FA6D0F159A6870FE3F5 /* Pods-FontAwsomeProject.release.xcconfig */ = {isa = PBXFileReference; includeInIndex = 1; lastKnownFileType = text.xcconfig; name = "Pods-FontAwsomeProject.release.xcconfig"; path = "Target Support Files/Pods-FontAwsomeProject/Pods-FontAwsomeProject.release.xcconfig"; sourceTree = "<group>"; };
		30521F4D51733247B07CDD3B /* Pods_FontAwsomeProject.framework */ = {isa = PBXFileReference; explicitFileType = wrapper.framework; includeInIndex = 0; path = Pods_FontAwsomeProject.framework; sourceTree = BUILT_PRODUCTS_DIR; };
		B42C8CBA1C3B30CC8DD8841C /* Pods-FontAwsomeProject.debug.xcconfig */ = {isa = PBXFileReference; includeInIndex = 1; lastKnownFileType = text.xcconfig; name = "Pods-FontAwsomeProject.debug.xcconfig"; path = "Target Support Files/Pods-FontAwsomeProject/Pods-FontAwsomeProject.debug.xcconfig"; sourceTree = "<group>"; };
/* End PBXFileReference section */

/* Begin PBXFrameworksBuildPhase section */
		177DC3572386531400342C4F /* Frameworks */ = {
			isa = PBXFrameworksBuildPhase;
			buildActionMask = 2147483647;
			files = (
				8FF9D27D089767AB6460E777 /* Pods_FontAwsomeProject.framework in Frameworks */,
			);
			runOnlyForDeploymentPostprocessing = 0;
		};
/* End PBXFrameworksBuildPhase section */

/* Begin PBXGroup section */
		177DC3512386531400342C4F = {
			isa = PBXGroup;
			children = (
				177DC35C2386531400342C4F /* FontAwsomeProject */,
				177DC35B2386531400342C4F /* Products */,
				2E687F87C1FECFF401A7DAA6 /* Pods */,
				C41B07FD58970B7EEBE7A10F /* Frameworks */,
			);
			sourceTree = "<group>";
		};
		177DC35B2386531400342C4F /* Products */ = {
			isa = PBXGroup;
			children = (
				177DC35A2386531400342C4F /* FontAwsomeProject.app */,
			);
			name = Products;
			sourceTree = "<group>";
		};
		177DC35C2386531400342C4F /* FontAwsomeProject */ = {
			isa = PBXGroup;
			children = (
				177DC35D2386531400342C4F /* AppDelegate.swift */,
				177DC35F2386531400342C4F /* SceneDelegate.swift */,
				177DC3612386531400342C4F /* ViewController.swift */,
				177DC3632386531400342C4F /* Main.storyboard */,
				177DC3662386531800342C4F /* Assets.xcassets */,
				177DC3682386531800342C4F /* LaunchScreen.storyboard */,
				177DC36B2386531800342C4F /* Info.plist */,
			);
			path = FontAwsomeProject;
			sourceTree = "<group>";
		};
		2E687F87C1FECFF401A7DAA6 /* Pods */ = {
			isa = PBXGroup;
			children = (
				B42C8CBA1C3B30CC8DD8841C /* Pods-FontAwsomeProject.debug.xcconfig */,
				20D72FA6D0F159A6870FE3F5 /* Pods-FontAwsomeProject.release.xcconfig */,
			);
			name = Pods;
			path = Pods;
			sourceTree = "<group>";
		};
		C41B07FD58970B7EEBE7A10F /* Frameworks */ = {
			isa = PBXGroup;
			children = (
				30521F4D51733247B07CDD3B /* Pods_FontAwsomeProject.framework */,
			);
			name = Frameworks;
			sourceTree = "<group>";
		};
/* End PBXGroup section */

/* Begin PBXNativeTarget section */
		177DC3592386531400342C4F /* FontAwsomeProject */ = {
			isa = PBXNativeTarget;
			buildConfigurationList = 177DC36E2386531800342C4F /* Build configuration list for PBXNativeTarget "FontAwsomeProject" */;
			buildPhases = (
				2983D6ECE65A6B88B8B73181 /* [CP] Check Pods Manifest.lock */,
				177DC3562386531400342C4F /* Sources */,
				177DC3572386531400342C4F /* Frameworks */,
				177DC3582386531400342C4F /* Resources */,
				6246DE3AF64D6880CF2B9C3B /* [CP] Embed Pods Frameworks */,
			);
			buildRules = (
			);
			dependencies = (
			);
			name = FontAwsomeProject;
			productName = FontAwsomeProject;
			productReference = 177DC35A2386531400342C4F /* FontAwsomeProject.app */;
			productType = "com.apple.product-type.application";
		};
/* End PBXNativeTarget section */

/* Begin PBXProject section */
		177DC3522386531400342C4F /* Project object */ = {
			isa = PBXProject;
			attributes = {
				LastSwiftUpdateCheck = 1110;
				LastUpgradeCheck = 1110;
				ORGANIZATIONNAME = "家田真帆";
				TargetAttributes = {
					177DC3592386531400342C4F = {
						CreatedOnToolsVersion = 11.1;
					};
				};
			};
			buildConfigurationList = 177DC3552386531400342C4F /* Build configuration list for PBXProject "FontAwsomeProject" */;
			compatibilityVersion = "Xcode 9.3";
			developmentRegion = en;
			hasScannedForEncodings = 0;
			knownRegions = (
				en,
				Base,
			);
			mainGroup = 177DC3512386531400342C4F;
			productRefGroup = 177DC35B2386531400342C4F /* Products */;
			projectDirPath = "";
			projectRoot = "";
			targets = (
				177DC3592386531400342C4F /* FontAwsomeProject */,
			);
		};
/* End PBXProject section */

/* Begin PBXResourcesBuildPhase section */
		177DC3582386531400342C4F /* Resources */ = {
			isa = PBXResourcesBuildPhase;
			buildActionMask = 2147483647;
			files = (
				177DC36A2386531800342C4F /* LaunchScreen.storyboard in Resources */,
				177DC3672386531800342C4F /* Assets.xcassets in Resources */,
				177DC3652386531400342C4F /* Main.storyboard in Resources */,
			);
			runOnlyForDeploymentPostprocessing = 0;
		};
/* End PBXResourcesBuildPhase section */

/* Begin PBXShellScriptBuildPhase section */
		2983D6ECE65A6B88B8B73181 /* [CP] Check Pods Manifest.lock */ = {
			isa = PBXShellScriptBuildPhase;
			buildActionMask = 2147483647;
			files = (
			);
			inputFileListPaths = (
			);
			inputPaths = (
				"${PODS_PODFILE_DIR_PATH}/Podfile.lock",
				"${PODS_ROOT}/Manifest.lock",
			);
			name = "[CP] Check Pods Manifest.lock";
			outputFileListPaths = (
			);
			outputPaths = (
				"$(DERIVED_FILE_DIR)/Pods-FontAwsomeProject-checkManifestLockResult.txt",
			);
			runOnlyForDeploymentPostprocessing = 0;
			shellPath = /bin/sh;
			shellScript = "diff \"${PODS_PODFILE_DIR_PATH}/Podfile.lock\" \"${PODS_ROOT}/Manifest.lock\" > /dev/null\nif [ $? != 0 ] ; then\n    # print error to STDERR\n    echo \"error: The sandbox is not in sync with the Podfile.lock. Run 'pod install' or update your CocoaPods installation.\" >&2\n    exit 1\nfi\n# This output is used by Xcode 'outputs' to avoid re-running this script phase.\necho \"SUCCESS\" > \"${SCRIPT_OUTPUT_FILE_0}\"\n";
			showEnvVarsInLog = 0;
		};
		6246DE3AF64D6880CF2B9C3B /* [CP] Embed Pods Frameworks */ = {
			isa = PBXShellScriptBuildPhase;
			buildActionMask = 2147483647;
			files = (
			);
			inputFileListPaths = (
				"${PODS_ROOT}/Target Support Files/Pods-FontAwsomeProject/Pods-FontAwsomeProject-frameworks-${CONFIGURATION}-input-files.xcfilelist",
			);
			name = "[CP] Embed Pods Frameworks";
			outputFileListPaths = (
				"${PODS_ROOT}/Target Support Files/Pods-FontAwsomeProject/Pods-FontAwsomeProject-frameworks-${CONFIGURATION}-output-files.xcfilelist",
			);
			runOnlyForDeploymentPostprocessing = 0;
			shellPath = /bin/sh;
			shellScript = "\"${PODS_ROOT}/Target Support Files/Pods-FontAwsomeProject/Pods-FontAwsomeProject-frameworks.sh\"\n";
			showEnvVarsInLog = 0;
		};
/* End PBXShellScriptBuildPhase section */

/* Begin PBXSourcesBuildPhase section */
		177DC3562386531400342C4F /* Sources */ = {
			isa = PBXSourcesBuildPhase;
			buildActionMask = 2147483647;
			files = (
				177DC3622386531400342C4F /* ViewController.swift in Sources */,
				177DC35E2386531400342C4F /* AppDelegate.swift in Sources */,
				177DC3602386531400342C4F /* SceneDelegate.swift in Sources */,
			);
			runOnlyForDeploymentPostprocessing = 0;
		};
/* End PBXSourcesBuildPhase section */

/* Begin PBXVariantGroup section */
		177DC3632386531400342C4F /* Main.storyboard */ = {
			isa = PBXVariantGroup;
			children = (
				177DC3642386531400342C4F /* Base */,
			);
			name = Main.storyboard;
			sourceTree = "<group>";
		};
		177DC3682386531800342C4F /* LaunchScreen.storyboard */ = {
			isa = PBXVariantGroup;
			children = (
				177DC3692386531800342C4F /* Base */,
			);
			name = LaunchScreen.storyboard;
			sourceTree = "<group>";
		};
/* End PBXVariantGroup section */

/* Begin XCBuildConfiguration section */
		177DC36C2386531800342C4F /* Debug */ = {
			isa = XCBuildConfiguration;
			buildSettings = {
				ALWAYS_SEARCH_USER_PATHS = NO;
				CLANG_ANALYZER_NONNULL = YES;
				CLANG_ANALYZER_NUMBER_OBJECT_CONVERSION = YES_AGGRESSIVE;
				CLANG_CXX_LANGUAGE_STANDARD = "gnu++14";
				CLANG_CXX_LIBRARY = "libc++";
				CLANG_ENABLE_MODULES = YES;
				CLANG_ENABLE_OBJC_ARC = YES;
				CLANG_ENABLE_OBJC_WEAK = YES;
				CLANG_WARN_BLOCK_CAPTURE_AUTORELEASING = YES;
				CLANG_WARN_BOOL_CONVERSION = YES;
				CLANG_WARN_COMMA = YES;
				CLANG_WARN_CONSTANT_CONVERSION = YES;
				CLANG_WARN_DEPRECATED_OBJC_IMPLEMENTATIONS = YES;
				CLANG_WARN_DIRECT_OBJC_ISA_USAGE = YES_ERROR;
				CLANG_WARN_DOCUMENTATION_COMMENTS = YES;
				CLANG_WARN_EMPTY_BODY = YES;
				CLANG_WARN_ENUM_CONVERSION = YES;
				CLANG_WARN_INFINITE_RECURSION = YES;
				CLANG_WARN_INT_CONVERSION = YES;
				CLANG_WARN_NON_LITERAL_NULL_CONVERSION = YES;
				CLANG_WARN_OBJC_IMPLICIT_RETAIN_SELF = YES;
				CLANG_WARN_OBJC_LITERAL_CONVERSION = YES;
				CLANG_WARN_OBJC_ROOT_CLASS = YES_ERROR;
				CLANG_WARN_RANGE_LOOP_ANALYSIS = YES;
				CLANG_WARN_STRICT_PROTOTYPES = YES;
				CLANG_WARN_SUSPICIOUS_MOVE = YES;
				CLANG_WARN_UNGUARDED_AVAILABILITY = YES_AGGRESSIVE;
				CLANG_WARN_UNREACHABLE_CODE = YES;
				CLANG_WARN__DUPLICATE_METHOD_MATCH = YES;
				COPY_PHASE_STRIP = NO;
				DEBUG_INFORMATION_FORMAT = dwarf;
				ENABLE_STRICT_OBJC_MSGSEND = YES;
				ENABLE_TESTABILITY = YES;
				GCC_C_LANGUAGE_STANDARD = gnu11;
				GCC_DYNAMIC_NO_PIC = NO;
				GCC_NO_COMMON_BLOCKS = YES;
				GCC_OPTIMIZATION_LEVEL = 0;
				GCC_PREPROCESSOR_DEFINITIONS = (
					"DEBUG=1",
					"$(inherited)",
				);
				GCC_WARN_64_TO_32_BIT_CONVERSION = YES;
				GCC_WARN_ABOUT_RETURN_TYPE = YES_ERROR;
				GCC_WARN_UNDECLARED_SELECTOR = YES;
				GCC_WARN_UNINITIALIZED_AUTOS = YES_AGGRESSIVE;
				GCC_WARN_UNUSED_FUNCTION = YES;
				GCC_WARN_UNUSED_VARIABLE = YES;
				IPHONEOS_DEPLOYMENT_TARGET = 13.1;
				MTL_ENABLE_DEBUG_INFO = INCLUDE_SOURCE;
				MTL_FAST_MATH = YES;
				ONLY_ACTIVE_ARCH = YES;
				SDKROOT = iphoneos;
				SWIFT_ACTIVE_COMPILATION_CONDITIONS = DEBUG;
				SWIFT_OPTIMIZATION_LEVEL = "-Onone";
			};
			name = Debug;
		};
		177DC36D2386531800342C4F /* Release */ = {
			isa = XCBuildConfiguration;
			buildSettings = {
				ALWAYS_SEARCH_USER_PATHS = NO;
				CLANG_ANALYZER_NONNULL = YES;
				CLANG_ANALYZER_NUMBER_OBJECT_CONVERSION = YES_AGGRESSIVE;
				CLANG_CXX_LANGUAGE_STANDARD = "gnu++14";
				CLANG_CXX_LIBRARY = "libc++";
				CLANG_ENABLE_MODULES = YES;
				CLANG_ENABLE_OBJC_ARC = YES;
				CLANG_ENABLE_OBJC_WEAK = YES;
				CLANG_WARN_BLOCK_CAPTURE_AUTORELEASING = YES;
				CLANG_WARN_BOOL_CONVERSION = YES;
				CLANG_WARN_COMMA = YES;
				CLANG_WARN_CONSTANT_CONVERSION = YES;
				CLANG_WARN_DEPRECATED_OBJC_IMPLEMENTATIONS = YES;
				CLANG_WARN_DIRECT_OBJC_ISA_USAGE = YES_ERROR;
				CLANG_WARN_DOCUMENTATION_COMMENTS = YES;
				CLANG_WARN_EMPTY_BODY = YES;
				CLANG_WARN_ENUM_CONVERSION = YES;
				CLANG_WARN_INFINITE_RECURSION = YES;
				CLANG_WARN_INT_CONVERSION = YES;
				CLANG_WARN_NON_LITERAL_NULL_CONVERSION = YES;
				CLANG_WARN_OBJC_IMPLICIT_RETAIN_SELF = YES;
				CLANG_WARN_OBJC_LITERAL_CONVERSION = YES;
				CLANG_WARN_OBJC_ROOT_CLASS = YES_ERROR;
				CLANG_WARN_RANGE_LOOP_ANALYSIS = YES;
				CLANG_WARN_STRICT_PROTOTYPES = YES;
				CLANG_WARN_SUSPICIOUS_MOVE = YES;
				CLANG_WARN_UNGUARDED_AVAILABILITY = YES_AGGRESSIVE;
				CLANG_WARN_UNREACHABLE_CODE = YES;
				CLANG_WARN__DUPLICATE_METHOD_MATCH = YES;
				COPY_PHASE_STRIP = NO;
				DEBUG_INFORMATION_FORMAT = "dwarf-with-dsym";
				ENABLE_NS_ASSERTIONS = NO;
				ENABLE_STRICT_OBJC_MSGSEND = YES;
				GCC_C_LANGUAGE_STANDARD = gnu11;
				GCC_NO_COMMON_BLOCKS = YES;
				GCC_WARN_64_TO_32_BIT_CONVERSION = YES;
				GCC_WARN_ABOUT_RETURN_TYPE = YES_ERROR;
				GCC_WARN_UNDECLARED_SELECTOR = YES;
				GCC_WARN_UNINITIALIZED_AUTOS = YES_AGGRESSIVE;
				GCC_WARN_UNUSED_FUNCTION = YES;
				GCC_WARN_UNUSED_VARIABLE = YES;
				IPHONEOS_DEPLOYMENT_TARGET = 13.1;
				MTL_ENABLE_DEBUG_INFO = NO;
				MTL_FAST_MATH = YES;
				SDKROOT = iphoneos;
				SWIFT_COMPILATION_MODE = wholemodule;
				SWIFT_OPTIMIZATION_LEVEL = "-O";
				VALIDATE_PRODUCT = YES;
			};
			name = Release;
		};
		177DC36F2386531800342C4F /* Debug */ = {
			isa = XCBuildConfiguration;
			baseConfigurationReference = B42C8CBA1C3B30CC8DD8841C /* Pods-FontAwsomeProject.debug.xcconfig */;
			buildSettings = {
				ASSETCATALOG_COMPILER_APPICON_NAME = AppIcon;
				CODE_SIGN_STYLE = Automatic;
				INFOPLIST_FILE = FontAwsomeProject/Info.plist;
				LD_RUNPATH_SEARCH_PATHS = (
					"$(inherited)",
					"@executable_path/Frameworks",
				);
				PRODUCT_BUNDLE_IDENTIFIER = com.example.FontAwsomeProject;
				PRODUCT_NAME = "$(TARGET_NAME)";
				SWIFT_VERSION = 5.0;
				TARGETED_DEVICE_FAMILY = "1,2";
			};
			name = Debug;
		};
		177DC3702386531800342C4F /* Release */ = {
			isa = XCBuildConfiguration;
			baseConfigurationReference = 20D72FA6D0F159A6870FE3F5 /* Pods-FontAwsomeProject.release.xcconfig */;
			buildSettings = {
				ASSETCATALOG_COMPILER_APPICON_NAME = AppIcon;
				CODE_SIGN_STYLE = Automatic;
				INFOPLIST_FILE = FontAwsomeProject/Info.plist;
				LD_RUNPATH_SEARCH_PATHS = (
					"$(inherited)",
					"@executable_path/Frameworks",
				);
				PRODUCT_BUNDLE_IDENTIFIER = com.example.FontAwsomeProject;
				PRODUCT_NAME = "$(TARGET_NAME)";
				SWIFT_VERSION = 5.0;
				TARGETED_DEVICE_FAMILY = "1,2";
			};
			name = Release;
		};
/* End XCBuildConfiguration section */

/* Begin XCConfigurationList section */
		177DC3552386531400342C4F /* Build configuration list for PBXProject "FontAwsomeProject" */ = {
			isa = XCConfigurationList;
			buildConfigurations = (
				177DC36C2386531800342C4F /* Debug */,
				177DC36D2386531800342C4F /* Release */,
			);
			defaultConfigurationIsVisible = 0;
			defaultConfigurationName = Release;
		};
		177DC36E2386531800342C4F /* Build configuration list for PBXNativeTarget "FontAwsomeProject" */ = {
			isa = XCConfigurationList;
			buildConfigurations = (
				177DC36F2386531800342C4F /* Debug */,
				177DC3702386531800342C4F /* Release */,
			);
			defaultConfigurationIsVisible = 0;
			defaultConfigurationName = Release;
		};
/* End XCConfigurationList section */
	};
	rootObject = 177DC3522386531400342C4F /* Project object */;
}
